
Microsoft Visual Studio Solution File, Format Version 12.00
# Visual Studio 2012
Project("{FAE04EC0-301F-11D3-BF4B-00C04F79EFBC}") = "Binah.Web.Api", "Binah.Web.Api\Binah.Web.Api.csproj", "{BCCEFDAE-DC17-451D-8FC0-C4B23A42A3E6}"
EndProject
Project("{FAE04EC0-301F-11D3-BF4B-00C04F79EFBC}") = "Binah.Core", "Binah.Core\Binah.Core.csproj", "{50A2726D-D05B-4C2B-8D2F-ADA81155BD41}"
EndProject
Project("{FAE04EC0-301F-11D3-BF4B-00C04F79EFBC}") = "Binah.Web.UI", "Binah.Web.UI\Binah.Web.UI.csproj", "{94D766DE-0D6E-48BF-81FB-174B3A3606C0}"
EndProject
Project("{FAE04EC0-301F-11D3-BF4B-00C04F79EFBC}") = "Binah.Migrations", "Binah.Migrations\Binah.Migrations.csproj", "{F09F9E9C-259C-4235-9A33-2D8292E1A85D}"
EndProject
Project("{FAE04EC0-301F-11D3-BF4B-00C04F79EFBC}") = "Binah.Infrastructure.RavenDB", "Binah.Infrastructure.RavenDB\Binah.Infrastructure.RavenDB.csproj", "{19C42070-E604-48B0-8666-9C5DC971CCDB}"
EndProject
Project("{FAE04EC0-301F-11D3-BF4B-00C04F79EFBC}") = "Binah.Siddur", "Binah.Siddur\Binah.Siddur.csproj", "{6D72326F-01A5-4ADA-A8D7-4780B9365299}"
EndProject
Project("{FAE04EC0-301F-11D3-BF4B-00C04F79EFBC}") = "Binah.Tests.Unit", "Binah.Tests.Unit\Binah.Tests.Unit.csproj", "{00DF482E-3881-4139-BFCC-B2211903DD6C}"
EndProject
Project("{FAE04EC0-301F-11D3-BF4B-00C04F79EFBC}") = "Binah.Tests.Integration", "Binah.Tests.Integration\Binah.Tests.Integration.csproj", "{EF63B603-C713-400A-BA4C-5F2E7B249797}"
EndProject
Project("{2150E333-8FDC-42A3-9474-1A3956D46DE8}") = ".nuget", ".nuget", "{01539B77-E9D1-4952-8C56-DCD0C168196C}"
	ProjectSection(SolutionItems) = preProject
		.nuget\NuGet.Config = .nuget\NuGet.Config
		.nuget\NuGet.exe = .nuget\NuGet.exe
		.nuget\NuGet.targets = .nuget\NuGet.targets
		.nuget\packages.config = .nuget\packages.config
	EndProjectSection
EndProject
Project("{FAE04EC0-301F-11D3-BF4B-00C04F79EFBC}") = "Binah.Client.Web.Tests", "Binah.Client.Web.Tests\Binah.Client.Web.Tests.csproj", "{DED98938-6F6B-4A5A-9A40-E4444EBE2BE2}"
EndProject
Global
	GlobalSection(SolutionConfigurationPlatforms) = preSolution
		Debug|Any CPU = Debug|Any CPU
		Release|Any CPU = Release|Any CPU
	EndGlobalSection
	GlobalSection(ProjectConfigurationPlatforms) = postSolution
		{00DF482E-3881-4139-BFCC-B2211903DD6C}.Debug|Any CPU.ActiveCfg = Debug|Any CPU
		{00DF482E-3881-4139-BFCC-B2211903DD6C}.Debug|Any CPU.Build.0 = Debug|Any CPU
		{00DF482E-3881-4139-BFCC-B2211903DD6C}.Release|Any CPU.ActiveCfg = Release|Any CPU
		{00DF482E-3881-4139-BFCC-B2211903DD6C}.Release|Any CPU.Build.0 = Release|Any CPU
		{19C42070-E604-48B0-8666-9C5DC971CCDB}.Debug|Any CPU.ActiveCfg = Debug|Any CPU
		{19C42070-E604-48B0-8666-9C5DC971CCDB}.Debug|Any CPU.Build.0 = Debug|Any CPU
		{19C42070-E604-48B0-8666-9C5DC971CCDB}.Release|Any CPU.ActiveCfg = Release|Any CPU
		{19C42070-E604-48B0-8666-9C5DC971CCDB}.Release|Any CPU.Build.0 = Release|Any CPU
		{50A2726D-D05B-4C2B-8D2F-ADA81155BD41}.Debug|Any CPU.ActiveCfg = Debug|Any CPU
		{50A2726D-D05B-4C2B-8D2F-ADA81155BD41}.Debug|Any CPU.Build.0 = Debug|Any CPU
		{50A2726D-D05B-4C2B-8D2F-ADA81155BD41}.Release|Any CPU.ActiveCfg = Release|Any CPU
		{50A2726D-D05B-4C2B-8D2F-ADA81155BD41}.Release|Any CPU.Build.0 = Release|Any CPU
		{6D72326F-01A5-4ADA-A8D7-4780B9365299}.Debug|Any CPU.ActiveCfg = Debug|Any CPU
		{6D72326F-01A5-4ADA-A8D7-4780B9365299}.Debug|Any CPU.Build.0 = Debug|Any CPU
		{6D72326F-01A5-4ADA-A8D7-4780B9365299}.Release|Any CPU.ActiveCfg = Release|Any CPU
		{6D72326F-01A5-4ADA-A8D7-4780B9365299}.Release|Any CPU.Build.0 = Release|Any CPU
		{94D766DE-0D6E-48BF-81FB-174B3A3606C0}.Debug|Any CPU.ActiveCfg = Debug|Any CPU
		{94D766DE-0D6E-48BF-81FB-174B3A3606C0}.Debug|Any CPU.Build.0 = Debug|Any CPU
		{94D766DE-0D6E-48BF-81FB-174B3A3606C0}.Release|Any CPU.ActiveCfg = Release|Any CPU
		{94D766DE-0D6E-48BF-81FB-174B3A3606C0}.Release|Any CPU.Build.0 = Release|Any CPU
		{BCCEFDAE-DC17-451D-8FC0-C4B23A42A3E6}.Debug|Any CPU.ActiveCfg = Debug|Any CPU
		{BCCEFDAE-DC17-451D-8FC0-C4B23A42A3E6}.Debug|Any CPU.Build.0 = Debug|Any CPU
		{BCCEFDAE-DC17-451D-8FC0-C4B23A42A3E6}.Release|Any CPU.ActiveCfg = Release|Any CPU
		{BCCEFDAE-DC17-451D-8FC0-C4B23A42A3E6}.Release|Any CPU.Build.0 = Release|Any CPU
		{DED98938-6F6B-4A5A-9A40-E4444EBE2BE2}.Debug|Any CPU.ActiveCfg = Debug|Any CPU
		{DED98938-6F6B-4A5A-9A40-E4444EBE2BE2}.Debug|Any CPU.Build.0 = Debug|Any CPU
		{DED98938-6F6B-4A5A-9A40-E4444EBE2BE2}.Release|Any CPU.ActiveCfg = Release|Any CPU
		{DED98938-6F6B-4A5A-9A40-E4444EBE2BE2}.Release|Any CPU.Build.0 = Release|Any CPU
		{EF63B603-C713-400A-BA4C-5F2E7B249797}.Debug|Any CPU.ActiveCfg = Debug|Any CPU
		{EF63B603-C713-400A-BA4C-5F2E7B249797}.Debug|Any CPU.Build.0 = Debug|Any CPU
		{EF63B603-C713-400A-BA4C-5F2E7B249797}.Release|Any CPU.ActiveCfg = Release|Any CPU
		{EF63B603-C713-400A-BA4C-5F2E7B249797}.Release|Any CPU.Build.0 = Release|Any CPU
		{F09F9E9C-259C-4235-9A33-2D8292E1A85D}.Debug|Any CPU.ActiveCfg = Debug|Any CPU
		{F09F9E9C-259C-4235-9A33-2D8292E1A85D}.Debug|Any CPU.Build.0 = Debug|Any CPU
		{F09F9E9C-259C-4235-9A33-2D8292E1A85D}.Release|Any CPU.ActiveCfg = Release|Any CPU
		{F09F9E9C-259C-4235-9A33-2D8292E1A85D}.Release|Any CPU.Build.0 = Release|Any CPU
	EndGlobalSection
	GlobalSection(SolutionProperties) = preSolution
		HideSolutionNode = FALSE
	EndGlobalSection
EndGlobal
